
Microsoft Visual Studio Solution File, Format Version 12.00
# Visual Studio Version 17
VisualStudioVersion = 17.9.34728.123
MinimumVisualStudioVersion = 10.0.40219.1
Project("{FAE04EC0-301F-11D3-BF4B-00C04F79EFBC}") = "Ejercicio 1 (rally)", "Ejercicio 1 (rally)\Ejercicio 1 (rally).csproj", "{6F1833CB-8CF0-47A1-9A10-E1095B946641}"
EndProject
Project("{FAE04EC0-301F-11D3-BF4B-00C04F79EFBC}") = "Ejercicio 2", "Ejercicio 2\Ejercicio 2.csproj", "{FB2EA83D-9F72-4602-9A2F-328446E9E2B7}"
EndProject
Project("{FAE04EC0-301F-11D3-BF4B-00C04F79EFBC}") = "Ejercicio 3", "Ejercicio 3\Ejercicio 3.csproj", "{785C0537-ADC1-4A90-BDF0-E18D406ACA59}"
EndProject
Global
	GlobalSection(SolutionConfigurationPlatforms) = preSolution
		Debug|Any CPU = Debug|Any CPU
		Release|Any CPU = Release|Any CPU
	EndGlobalSection
	GlobalSection(ProjectConfigurationPlatforms) = postSolution
		{6F1833CB-8CF0-47A1-9A10-E1095B946641}.Debug|Any CPU.ActiveCfg = Debug|Any CPU
		{6F1833CB-8CF0-47A1-9A10-E1095B946641}.Debug|Any CPU.Build.0 = Debug|Any CPU
		{6F1833CB-8CF0-47A1-9A10-E1095B946641}.Release|Any CPU.ActiveCfg = Release|Any CPU
		{6F1833CB-8CF0-47A1-9A10-E1095B946641}.Release|Any CPU.Build.0 = Release|Any CPU
		{FB2EA83D-9F72-4602-9A2F-328446E9E2B7}.Debug|Any CPU.ActiveCfg = Debug|Any CPU
		{FB2EA83D-9F72-4602-9A2F-328446E9E2B7}.Debug|Any CPU.Build.0 = Debug|Any CPU
		{FB2EA83D-9F72-4602-9A2F-328446E9E2B7}.Release|Any CPU.ActiveCfg = Release|Any CPU
		{FB2EA83D-9F72-4602-9A2F-328446E9E2B7}.Release|Any CPU.Build.0 = Release|Any CPU
		{785C0537-ADC1-4A90-BDF0-E18D406ACA59}.Debug|Any CPU.ActiveCfg = Debug|Any CPU
		{785C0537-ADC1-4A90-BDF0-E18D406ACA59}.Debug|Any CPU.Build.0 = Debug|Any CPU
		{785C0537-ADC1-4A90-BDF0-E18D406ACA59}.Release|Any CPU.ActiveCfg = Release|Any CPU
		{785C0537-ADC1-4A90-BDF0-E18D406ACA59}.Release|Any CPU.Build.0 = Release|Any CPU
	EndGlobalSection
	GlobalSection(SolutionProperties) = preSolution
		HideSolutionNode = FALSE
	EndGlobalSection
	GlobalSection(ExtensibilityGlobals) = postSolution
		SolutionGuid = {B688412E-4103-48EA-9D8D-E91264DB2D14}
	EndGlobalSection
EndGlobal
